{
  "name": "nodemailer-direct-transport",
  "version": "3.3.2",
  "lockfileVersion": 2,
  "requires": true,
  "packages": {
    "": {
      "name": "nodemailer-direct-transport",
      "version": "3.3.2",
      "license": "MIT",
      "dependencies": {
        "nodemailer": "^6.6.5",
        "nodemailer-shared": "^2.0.0"
      }
    },
    "node_modules/nodemailer": {
      "version": "6.6.5",
      "resolved": "https://registry.npmjs.org/nodemailer/-/nodemailer-6.6.5.tgz",
      "integrity": "sha512-C/v856DBijUzHcHIgGpQoTrfsH3suKIRAGliIzCstatM2cAa+MYX3LuyCrABiO/cdJTxgBBHXxV1ztiqUwst5A==",
      "engines": {
        "node": ">=6.0.0"
      }
    },
    "node_modules/nodemailer-fetch": {
      "version": "2.0.0",
      "resolved": "https://registry.npmjs.org/nodemailer-fetch/-/nodemailer-fetch-2.0.0.tgz",
      "integrity": "sha1-PkxHiMCDBUKubQwfqVtlbi2GzJA="
    },
    "node_modules/nodemailer-shared": {
      "version": "2.0.0",
      "resolved": "https://registry.npmjs.org/nodemailer-shared/-/nodemailer-shared-2.0.0.tgz",
      "integrity": "sha1-fM2dm7iH9GkYbpjuLkIg9eghOu8=",
      "dependencies": {
        "nodemailer-fetch": "2.0.0"
      }
    }
  },
  "dependencies": {
    "nodemailer": {
      "version": "6.6.5",
      "resolved": "https://registry.npmjs.org/nodemailer/-/nodemailer-6.6.5.tgz",
      "integrity": "sha512-C/v856DBijUzHcHIgGpQoTrfsH3suKIRAGliIzCstatM2cAa+MYX3LuyCrABiO/cdJTxgBBHXxV1ztiqUwst5A=="
    },
    "nodemailer-fetch": {
      "version": "2.0.0",
      "resolved": "https://registry.npmjs.org/nodemailer-fetch/-/nodemailer-fetch-2.0.0.tgz",
      "integrity": "sha1-PkxHiMCDBUKubQwfqVtlbi2GzJA="
    },
    "nodemailer-shared": {
      "version": "2.0.0",
      "resolved": "https://registry.npmjs.org/nodemailer-shared/-/nodemailer-shared-2.0.0.tgz",
      "integrity": "sha1-fM2dm7iH9GkYbpjuLkIg9eghOu8=",
      "requires": {
        "nodemailer-fetch": "2.0.0"
      }
    }
  }
}
